Microsoft Visual Studio Solution File, Format Version 8.00 Project("{FAE04EC0-301F-11D3-BF4B-00C04F79EFBC}") = "NMock2", "src\NMock2\NMock2-vs2003.csproj", "{CEE959FE-C3AF-4B51-8F1A-CCB32BAA1E98}" 	ProjectSection(ProjectDependencies) = postProject 	EndProjectSection EndProject Project("{FAE04EC0-301F-11D3-BF4B-00C04F79EFBC}") = "NMock2.Test", "src\NMock2.Test\NMock2.Test-vs2003.csproj", "{CC6D39F7-1387-401D-9303-088D39459F36}" 	ProjectSection(ProjectDependencies) = postProject 	EndProjectSection EndProject Project("{FAE04EC0-301F-11D3-BF4B-00C04F79EFBC}") = "NMock2.AcceptanceTests", "src\NMock2.AcceptanceTests\NMock2.AcceptanceTests-vs2003.csproj", "{B4EED566-0F75-443F-9990-FBD7E489B9BD}" 	ProjectSection(ProjectDependencies) = postProject 	EndProjectSection EndProject Global 	GlobalSection(SolutionConfiguration) = preSolution 		Debug = Debug 	EndGlobalSection 	GlobalSection(ProjectConfiguration) = postSolution 		{CEE959FE-C3AF-4B51-8F1A-CCB32BAA1E98}.Debug.ActiveCfg = Debug|.NET 		{CEE959FE-C3AF-4B51-8F1A-CCB32BAA1E98}.Debug.Build.0 = Debug|.NET 		{CC6D39F7-1387-401D-9303-088D39459F36}.Debug.ActiveCfg = Debug|.NET 		{CC6D39F7-1387-401D-9303-088D39459F36}.Debug.Build.0 = Debug|.NET 		{B4EED566-0F75-443F-9990-FBD7E489B9BD}.Debug.ActiveCfg = Debug|.NET 		{B4EED566-0F75-443F-9990-FBD7E489B9BD}.Debug.Build.0 = Debug|.NET 	EndGlobalSection 	GlobalSection(SolutionItems) = postSolution 		README.txt = README.txt 	EndGlobalSection 	GlobalSection(ExtensibilityGlobals) = postSolution 	EndGlobalSection 	GlobalSection(ExtensibilityAddIns) = postSolution 	EndGlobalSection EndGlobal 